
Microsoft Visual Studio Solution File, Format Version 12.00
# Visual Studio Version 17
VisualStudioVersion = 17.5.002.0
MinimumVisualStudioVersion = 10.0.40219.1
Project("{9A19103F-16F7-4668-BE54-9A1E7A4F7556}") = "dem_so_lan_xuat_hien_cua_ky_tu_tron_chuoi", "dem_so_lan_xuat_hien_cua_ky_tu_tron_chuoi.csproj", "{8767C577-3E78-4652-943A-42E7ADD7B400}"
EndProject
Global
	GlobalSection(SolutionConfigurationPlatforms) = preSolution
		Debug|Any CPU = Debug|Any CPU
		Release|Any CPU = Release|Any CPU
	EndGlobalSection
	GlobalSection(ProjectConfigurationPlatforms) = postSolution
		{8767C577-3E78-4652-943A-42E7ADD7B400}.Debug|Any CPU.ActiveCfg = Debug|Any CPU
		{8767C577-3E78-4652-943A-42E7ADD7B400}.Debug|Any CPU.Build.0 = Debug|Any CPU
		{8767C577-3E78-4652-943A-42E7ADD7B400}.Release|Any CPU.ActiveCfg = Release|Any CPU
		{8767C577-3E78-4652-943A-42E7ADD7B400}.Release|Any CPU.Build.0 = Release|Any CPU
	EndGlobalSection
	GlobalSection(SolutionProperties) = preSolution
		HideSolutionNode = FALSE
	EndGlobalSection
	GlobalSection(ExtensibilityGlobals) = postSolution
		SolutionGuid = {D6A37D2D-509D-4E0E-B40B-B08C96C482CE}
	EndGlobalSection
EndGlobal
